
Microsoft Visual Studio Solution File, Format Version 12.00
# Visual Studio 14
VisualStudioVersion = 14.0.25420.1
MinimumVisualStudioVersion = 10.0.40219.1
Project("{FAE04EC0-301F-11D3-BF4B-00C04F79EFBC}") = "chat", "chat\chat.csproj", "{A7DA271E-13FF-4BFC-BE6D-FA50AF3CEB60}"
EndProject
Project("{FAE04EC0-301F-11D3-BF4B-00C04F79EFBC}") = "server", "server\server.csproj", "{306F89C4-743B-45CF-AC8D-C5B1426BD785}"
EndProject
Global
	GlobalSection(SolutionConfigurationPlatforms) = preSolution
		Debug|Any CPU = Debug|Any CPU
		Release|Any CPU = Release|Any CPU
	EndGlobalSection
	GlobalSection(ProjectConfigurationPlatforms) = postSolution
		{A7DA271E-13FF-4BFC-BE6D-FA50AF3CEB60}.Debug|Any CPU.ActiveCfg = Debug|Any CPU
		{A7DA271E-13FF-4BFC-BE6D-FA50AF3CEB60}.Debug|Any CPU.Build.0 = Debug|Any CPU
		{A7DA271E-13FF-4BFC-BE6D-FA50AF3CEB60}.Release|Any CPU.ActiveCfg = Release|Any CPU
		{A7DA271E-13FF-4BFC-BE6D-FA50AF3CEB60}.Release|Any CPU.Build.0 = Release|Any CPU
		{306F89C4-743B-45CF-AC8D-C5B1426BD785}.Debug|Any CPU.ActiveCfg = Debug|Any CPU
		{306F89C4-743B-45CF-AC8D-C5B1426BD785}.Debug|Any CPU.Build.0 = Debug|Any CPU
		{306F89C4-743B-45CF-AC8D-C5B1426BD785}.Release|Any CPU.ActiveCfg = Release|Any CPU
		{306F89C4-743B-45CF-AC8D-C5B1426BD785}.Release|Any CPU.Build.0 = Release|Any CPU
	EndGlobalSection
	GlobalSection(SolutionProperties) = preSolution
		HideSolutionNode = FALSE
	EndGlobalSection
EndGlobal
